
Microsoft Visual Studio Solution File, Format Version 12.00
# Visual Studio 15
Project("{FAE04EC0-301F-11D3-BF4B-00C04F79EFBC}") = "Assembly-CSharp", "Assembly-CSharp.csproj", "{16CC3DD8-BF8C-F6BF-0DC1-CD0981AC0A70}"
EndProject
Global
	GlobalSection(SolutionConfigurationPlatforms) = preSolution
		Debug|Any CPU = Debug|Any CPU
		Release|Any CPU = Release|Any CPU
	EndGlobalSection
	GlobalSection(ProjectConfigurationPlatforms) = postSolution
		{16CC3DD8-BF8C-F6BF-0DC1-CD0981AC0A70}.Debug|Any CPU.ActiveCfg = Debug|Any CPU
		{16CC3DD8-BF8C-F6BF-0DC1-CD0981AC0A70}.Debug|Any CPU.Build.0 = Debug|Any CPU
		{16CC3DD8-BF8C-F6BF-0DC1-CD0981AC0A70}.Release|Any CPU.ActiveCfg = Release|Any CPU
		{16CC3DD8-BF8C-F6BF-0DC1-CD0981AC0A70}.Release|Any CPU.Build.0 = Release|Any CPU
	EndGlobalSection
	GlobalSection(SolutionProperties) = preSolution
		HideSolutionNode = FALSE
	EndGlobalSection
EndGlobal
